<Solution>
  <Folder Name="/src/">
    <Project Path="src/StageFlow.Api/StageFlow.Api.csproj" />
    <Project Path="src/StageFlow.Application/StageFlow.Application.csproj" />
    <Project Path="src/StageFlow.Domain/StageFlow.Domain.csproj" />
    <Project Path="src/StageFlow.Infrastructure/StageFlow.Infrastructure.csproj" />
  </Folder>
</Solution>
